
Microsoft Visual Studio Solution File, Format Version 11.00
# Visual Studio 2010
Project("{FAE04EC0-301F-11D3-BF4B-00C04F79EFBC}") = "PW Chat", "PW Chat\PW Chat.csproj", "{2738EA0B-2AFD-49A3-89B2-4EE68C0390AA}"
EndProject
Project("{FAE04EC0-301F-11D3-BF4B-00C04F79EFBC}") = "CodeTitans.JSon", "CodeTitans.JSon\CodeTitans.JSon.csproj", "{0D7442B5-7447-46EC-B2CD-55369F13E2B1}"
EndProject
Project("{FAE04EC0-301F-11D3-BF4B-00C04F79EFBC}") = "pwChatTesting", "pwChatTesting\pwChatTesting.csproj", "{AB415978-3142-48F1-94A6-295E2F61FFD4}"
EndProject
Project("{2150E333-8FDC-42A3-9474-1A3956D46DE8}") = "pwchat-server", "pwchat-server", "{4A2312BD-4CA9-4824-A3F3-A28933CEEE1E}"
	ProjectSection(SolutionItems) = preProject
		pwchat-server\csharp.php = pwchat-server\csharp.php
		pwchat-server\len.len = pwchat-server\len.len
		pwchat-server\LICENSE.txt = pwchat-server\LICENSE.txt
		pwchat-server\marshalling.php = pwchat-server\marshalling.php
		pwchat-server\users.php = pwchat-server\users.php
	EndProjectSection
EndProject
Project("{2150E333-8FDC-42A3-9474-1A3956D46DE8}") = "Solution Items", "Solution Items", "{BED2EEF4-9E4E-4F9C-81F9-A2653776AD4C}"
	ProjectSection(SolutionItems) = preProject
		README.txt = README.txt
		version = version
	EndProjectSection
EndProject
Global
	GlobalSection(SubversionScc) = preSolution
		Svn-Managed = True
		Manager = AnkhSVN - Subversion Support for Visual Studio
	EndGlobalSection
	GlobalSection(SolutionConfigurationPlatforms) = preSolution
		Debug|Any CPU = Debug|Any CPU
		Debug|Mixed Platforms = Debug|Mixed Platforms
		Debug|x86 = Debug|x86
		Release|Any CPU = Release|Any CPU
		Release|Mixed Platforms = Release|Mixed Platforms
		Release|x86 = Release|x86
	EndGlobalSection
	GlobalSection(ProjectConfigurationPlatforms) = postSolution
		{2738EA0B-2AFD-49A3-89B2-4EE68C0390AA}.Debug|Any CPU.ActiveCfg = Debug|x86
		{2738EA0B-2AFD-49A3-89B2-4EE68C0390AA}.Debug|Mixed Platforms.ActiveCfg = Debug|x86
		{2738EA0B-2AFD-49A3-89B2-4EE68C0390AA}.Debug|Mixed Platforms.Build.0 = Debug|x86
		{2738EA0B-2AFD-49A3-89B2-4EE68C0390AA}.Debug|x86.ActiveCfg = Debug|x86
		{2738EA0B-2AFD-49A3-89B2-4EE68C0390AA}.Debug|x86.Build.0 = Debug|x86
		{2738EA0B-2AFD-49A3-89B2-4EE68C0390AA}.Release|Any CPU.ActiveCfg = Release|x86
		{2738EA0B-2AFD-49A3-89B2-4EE68C0390AA}.Release|Mixed Platforms.ActiveCfg = Release|x86
		{2738EA0B-2AFD-49A3-89B2-4EE68C0390AA}.Release|Mixed Platforms.Build.0 = Release|x86
		{2738EA0B-2AFD-49A3-89B2-4EE68C0390AA}.Release|x86.ActiveCfg = Release|x86
		{2738EA0B-2AFD-49A3-89B2-4EE68C0390AA}.Release|x86.Build.0 = Release|x86
		{0D7442B5-7447-46EC-B2CD-55369F13E2B1}.Debug|Any CPU.ActiveCfg = Debug|Any CPU
		{0D7442B5-7447-46EC-B2CD-55369F13E2B1}.Debug|Any CPU.Build.0 = Debug|Any CPU
		{0D7442B5-7447-46EC-B2CD-55369F13E2B1}.Debug|Mixed Platforms.ActiveCfg = Debug|Any CPU
		{0D7442B5-7447-46EC-B2CD-55369F13E2B1}.Debug|Mixed Platforms.Build.0 = Debug|Any CPU
		{0D7442B5-7447-46EC-B2CD-55369F13E2B1}.Debug|x86.ActiveCfg = Debug|Any CPU
		{0D7442B5-7447-46EC-B2CD-55369F13E2B1}.Release|Any CPU.ActiveCfg = Release|Any CPU
		{0D7442B5-7447-46EC-B2CD-55369F13E2B1}.Release|Any CPU.Build.0 = Release|Any CPU
		{0D7442B5-7447-46EC-B2CD-55369F13E2B1}.Release|Mixed Platforms.ActiveCfg = Release|Any CPU
		{0D7442B5-7447-46EC-B2CD-55369F13E2B1}.Release|Mixed Platforms.Build.0 = Release|Any CPU
		{0D7442B5-7447-46EC-B2CD-55369F13E2B1}.Release|x86.ActiveCfg = Release|Any CPU
		{AB415978-3142-48F1-94A6-295E2F61FFD4}.Debug|Any CPU.ActiveCfg = Debug|x86
		{AB415978-3142-48F1-94A6-295E2F61FFD4}.Debug|Mixed Platforms.ActiveCfg = Debug|x86
		{AB415978-3142-48F1-94A6-295E2F61FFD4}.Debug|Mixed Platforms.Build.0 = Debug|x86
		{AB415978-3142-48F1-94A6-295E2F61FFD4}.Debug|x86.ActiveCfg = Debug|x86
		{AB415978-3142-48F1-94A6-295E2F61FFD4}.Debug|x86.Build.0 = Debug|x86
		{AB415978-3142-48F1-94A6-295E2F61FFD4}.Release|Any CPU.ActiveCfg = Release|x86
		{AB415978-3142-48F1-94A6-295E2F61FFD4}.Release|Mixed Platforms.ActiveCfg = Release|x86
		{AB415978-3142-48F1-94A6-295E2F61FFD4}.Release|x86.ActiveCfg = Release|x86
		{AB415978-3142-48F1-94A6-295E2F61FFD4}.Release|x86.Build.0 = Release|x86
	EndGlobalSection
	GlobalSection(SolutionProperties) = preSolution
		HideSolutionNode = FALSE
	EndGlobalSection
EndGlobal
